// !$*UTF8*$!
{
	archiveVersion = 1;
	classes = {
	};
	objectVersion = 56;
	objects = {

/* Begin PBXBuildFile section */
		C098D8EF2AAC4578003D664A /* AppDelegate.swift in Sources */ = {isa = PBXBuildFile; fileRef = C098D8EE2AAC4578003D664A /* AppDelegate.swift */; };
		C098D8F12AAC4578003D664A /* SceneDelegate.swift in Sources */ = {isa = PBXBuildFile; fileRef = C098D8F02AAC4578003D664A /* SceneDelegate.swift */; };
		C098D8F32AAC4578003D664A /* ViewController.swift in Sources */ = {isa = PBXBuildFile; fileRef = C098D8F22AAC4578003D664A /* ViewController.swift */; };
		C098D8F62AAC4578003D664A /* Main.storyboard in Resources */ = {isa = PBXBuildFile; fileRef = C098D8F42AAC4578003D664A /* Main.storyboard */; };
		C098D8F82AAC4579003D664A /* Assets.xcassets in Resources */ = {isa = PBXBuildFile; fileRef = C098D8F72AAC4579003D664A /* Assets.xcassets */; };
		C098D8FB2AAC4579003D664A /* LaunchScreen.storyboard in Resources */ = {isa = PBXBuildFile; fileRef = C098D8F92AAC4579003D664A /* LaunchScreen.storyboard */; };
		C098D9032AAC460F003D664A /* Player.swift in Sources */ = {isa = PBXBuildFile; fileRef = C098D9022AAC460F003D664A /* Player.swift */; };
		C098D9072AAC4934003D664A /* PlayersView.swift in Sources */ = {isa = PBXBuildFile; fileRef = C098D9062AAC4934003D664A /* PlayersView.swift */; };
		C098D9092AAC4B83003D664A /* PlayersView.xib in Resources */ = {isa = PBXBuildFile; fileRef = C098D9082AAC4B83003D664A /* PlayersView.xib */; };
/* End PBXBuildFile section */

/* Begin PBXFileReference section */
		C098D8EB2AAC4578003D664A /* PracticeMVC.app */ = {isa = PBXFileReference; explicitFileType = wrapper.application; includeInIndex = 0; path = PracticeMVC.app; sourceTree = BUILT_PRODUCTS_DIR; };
		C098D8EE2AAC4578003D664A /* AppDelegate.swift */ = {isa = PBXFileReference; lastKnownFileType = sourcecode.swift; path = AppDelegate.swift; sourceTree = "<group>"; };
		C098D8F02AAC4578003D664A /* SceneDelegate.swift */ = {isa = PBXFileReference; lastKnownFileType = sourcecode.swift; path = SceneDelegate.swift; sourceTree = "<group>"; };
		C098D8F22AAC4578003D664A /* ViewController.swift */ = {isa = PBXFileReference; lastKnownFileType = sourcecode.swift; path = ViewController.swift; sourceTree = "<group>"; };
		C098D8F52AAC4578003D664A /* Base */ = {isa = PBXFileReference; lastKnownFileType = file.storyboard; name = Base; path = Base.lproj/Main.storyboard; sourceTree = "<group>"; };
		C098D8F72AAC4579003D664A /* Assets.xcassets */ = {isa = PBXFileReference; lastKnownFileType = folder.assetcatalog; path = Assets.xcassets; sourceTree = "<group>"; };
		C098D8FA2AAC4579003D664A /* Base */ = {isa = PBXFileReference; lastKnownFileType = file.storyboard; name = Base; path = Base.lproj/LaunchScreen.storyboard; sourceTree = "<group>"; };
		C098D8FC2AAC4579003D664A /* Info.plist */ = {isa = PBXFileReference; lastKnownFileType = text.plist.xml; path = Info.plist; sourceTree = "<group>"; };
		C098D9022AAC460F003D664A /* Player.swift */ = {isa = PBXFileReference; lastKnownFileType = sourcecode.swift; path = Player.swift; sourceTree = "<group>"; };
		C098D9062AAC4934003D664A /* PlayersView.swift */ = {isa = PBXFileReference; lastKnownFileType = sourcecode.swift; path = PlayersView.swift; sourceTree = "<group>"; };
		C098D9082AAC4B83003D664A /* PlayersView.xib */ = {isa = PBXFileReference; lastKnownFileType = file.xib; path = PlayersView.xib; sourceTree = "<group>"; };
/* End PBXFileReference section */

/* Begin PBXFrameworksBuildPhase section */
		C098D8E82AAC4578003D664A /* Frameworks */ = {
			isa = PBXFrameworksBuildPhase;
			buildActionMask = 2147483647;
			files = (
			);
			runOnlyForDeploymentPostprocessing = 0;
		};
/* End PBXFrameworksBuildPhase section */

/* Begin PBXGroup section */
		C098D8E22AAC4578003D664A = {
			isa = PBXGroup;
			children = (
				C098D8ED2AAC4578003D664A /* PracticeMVC */,
				C098D8EC2AAC4578003D664A /* Products */,
			);
			sourceTree = "<group>";
		};
		C098D8EC2AAC4578003D664A /* Products */ = {
			isa = PBXGroup;
			children = (
				C098D8EB2AAC4578003D664A /* PracticeMVC.app */,
			);
			name = Products;
			sourceTree = "<group>";
		};
		C098D8ED2AAC4578003D664A /* PracticeMVC */ = {
			isa = PBXGroup;
			children = (
				C098D8EE2AAC4578003D664A /* AppDelegate.swift */,
				C098D8F02AAC4578003D664A /* SceneDelegate.swift */,
				C098D8F22AAC4578003D664A /* ViewController.swift */,
				C098D9062AAC4934003D664A /* PlayersView.swift */,
				C098D9082AAC4B83003D664A /* PlayersView.xib */,
				C098D9022AAC460F003D664A /* Player.swift */,
				C098D8F42AAC4578003D664A /* Main.storyboard */,
				C098D8F72AAC4579003D664A /* Assets.xcassets */,
				C098D8F92AAC4579003D664A /* LaunchScreen.storyboard */,
				C098D8FC2AAC4579003D664A /* Info.plist */,
			);
			path = PracticeMVC;
			sourceTree = "<group>";
		};
/* End PBXGroup section */

/* Begin PBXNativeTarget section */
		C098D8EA2AAC4578003D664A /* PracticeMVC */ = {
			isa = PBXNativeTarget;
			buildConfigurationList = C098D8FF2AAC4579003D664A /* Build configuration list for PBXNativeTarget "PracticeMVC" */;
			buildPhases = (
				C098D8E72AAC4578003D664A /* Sources */,
				C098D8E82AAC4578003D664A /* Frameworks */,
				C098D8E92AAC4578003D664A /* Resources */,
			);
			buildRules = (
			);
			dependencies = (
			);
			name = PracticeMVC;
			productName = PracticeMVC;
			productReference = C098D8EB2AAC4578003D664A /* PracticeMVC.app */;
			productType = "com.apple.product-type.application";
		};
/* End PBXNativeTarget section */

/* Begin PBXProject section */
		C098D8E32AAC4578003D664A /* Project object */ = {
			isa = PBXProject;
			attributes = {
				BuildIndependentTargetsInParallel = 1;
				LastSwiftUpdateCheck = 1430;
				LastUpgradeCheck = 1430;
				TargetAttributes = {
					C098D8EA2AAC4578003D664A = {
						CreatedOnToolsVersion = 14.3.1;
					};
				};
			};
			buildConfigurationList = C098D8E62AAC4578003D664A /* Build configuration list for PBXProject "PracticeMVC" */;
			compatibilityVersion = "Xcode 14.0";
			developmentRegion = en;
			hasScannedForEncodings = 0;
			knownRegions = (
				en,
				Base,
			);
			mainGroup = C098D8E22AAC4578003D664A;
			productRefGroup = C098D8EC2AAC4578003D664A /* Products */;
			projectDirPath = "";
			projectRoot = "";
			targets = (
				C098D8EA2AAC4578003D664A /* PracticeMVC */,
			);
		};
/* End PBXProject section */

/* Begin PBXResourcesBuildPhase section */
		C098D8E92AAC4578003D664A /* Resources */ = {
			isa = PBXResourcesBuildPhase;
			buildActionMask = 2147483647;
			files = (
				C098D8FB2AAC4579003D664A /* LaunchScreen.storyboard in Resources */,
				C098D9092AAC4B83003D664A /* PlayersView.xib in Resources */,
				C098D8F82AAC4579003D664A /* Assets.xcassets in Resources */,
				C098D8F62AAC4578003D664A /* Main.storyboard in Resources */,
			);
			runOnlyForDeploymentPostprocessing = 0;
		};
/* End PBXResourcesBuildPhase section */

/* Begin PBXSourcesBuildPhase section */
		C098D8E72AAC4578003D664A /* Sources */ = {
			isa = PBXSourcesBuildPhase;
			buildActionMask = 2147483647;
			files = (
				C098D9032AAC460F003D664A /* Player.swift in Sources */,
				C098D8F32AAC4578003D664A /* ViewController.swift in Sources */,
				C098D8EF2AAC4578003D664A /* AppDelegate.swift in Sources */,
				C098D9072AAC4934003D664A /* PlayersView.swift in Sources */,
				C098D8F12AAC4578003D664A /* SceneDelegate.swift in Sources */,
			);
			runOnlyForDeploymentPostprocessing = 0;
		};
/* End PBXSourcesBuildPhase section */

/* Begin PBXVariantGroup section */
		C098D8F42AAC4578003D664A /* Main.storyboard */ = {
			isa = PBXVariantGroup;
			children = (
				C098D8F52AAC4578003D664A /* Base */,
			);
			name = Main.storyboard;
			sourceTree = "<group>";
		};
		C098D8F92AAC4579003D664A /* LaunchScreen.storyboard */ = {
			isa = PBXVariantGroup;
			children = (
				C098D8FA2AAC4579003D664A /* Base */,
			);
			name = LaunchScreen.storyboard;
			sourceTree = "<group>";
		};
/* End PBXVariantGroup section */

/* Begin XCBuildConfiguration section */
		C098D8FD2AAC4579003D664A /* Debug */ = {
			isa = XCBuildConfiguration;
			buildSettings = {
				ALWAYS_SEARCH_USER_PATHS = NO;
				CLANG_ANALYZER_NONNULL = YES;
				CLANG_ANALYZER_NUMBER_OBJECT_CONVERSION = YES_AGGRESSIVE;
				CLANG_CXX_LANGUAGE_STANDARD = "gnu++20";
				CLANG_ENABLE_MODULES = YES;
				CLANG_ENABLE_OBJC_ARC = YES;
				CLANG_ENABLE_OBJC_WEAK = YES;
				CLANG_WARN_BLOCK_CAPTURE_AUTORELEASING = YES;
				CLANG_WARN_BOOL_CONVERSION = YES;
				CLANG_WARN_COMMA = YES;
				CLANG_WARN_CONSTANT_CONVERSION = YES;
				CLANG_WARN_DEPRECATED_OBJC_IMPLEMENTATIONS = YES;
				CLANG_WARN_DIRECT_OBJC_ISA_USAGE = YES_ERROR;
				CLANG_WARN_DOCUMENTATION_COMMENTS = YES;
				CLANG_WARN_EMPTY_BODY = YES;
				CLANG_WARN_ENUM_CONVERSION = YES;
				CLANG_WARN_INFINITE_RECURSION = YES;
				CLANG_WARN_INT_CONVERSION = YES;
				CLANG_WARN_NON_LITERAL_NULL_CONVERSION = YES;
				CLANG_WARN_OBJC_IMPLICIT_RETAIN_SELF = YES;
				CLANG_WARN_OBJC_LITERAL_CONVERSION = YES;
				CLANG_WARN_OBJC_ROOT_CLASS = YES_ERROR;
				CLANG_WARN_QUOTED_INCLUDE_IN_FRAMEWORK_HEADER = YES;
				CLANG_WARN_RANGE_LOOP_ANALYSIS = YES;
				CLANG_WARN_STRICT_PROTOTYPES = YES;
				CLANG_WARN_SUSPICIOUS_MOVE = YES;
				CLANG_WARN_UNGUARDED_AVAILABILITY = YES_AGGRESSIVE;
				CLANG_WARN_UNREACHABLE_CODE = YES;
				CLANG_WARN__DUPLICATE_METHOD_MATCH = YES;
				COPY_PHASE_STRIP = NO;
				DEBUG_INFORMATION_FORMAT = dwarf;
				ENABLE_STRICT_OBJC_MSGSEND = YES;
				ENABLE_TESTABILITY = YES;
				GCC_C_LANGUAGE_STANDARD = gnu11;
				GCC_DYNAMIC_NO_PIC = NO;
				GCC_NO_COMMON_BLOCKS = YES;
				GCC_OPTIMIZATION_LEVEL = 0;
				GCC_PREPROCESSOR_DEFINITIONS = (
					"DEBUG=1",
					"$(inherited)",
				);
				GCC_WARN_64_TO_32_BIT_CONVERSION = YES;
				GCC_WARN_ABOUT_RETURN_TYPE = YES_ERROR;
				GCC_WARN_UNDECLARED_SELECTOR = YES;
				GCC_WARN_UNINITIALIZED_AUTOS = YES_AGGRESSIVE;
				GCC_WARN_UNUSED_FUNCTION = YES;
				GCC_WARN_UNUSED_VARIABLE = YES;
				IPHONEOS_DEPLOYMENT_TARGET = 16.4;
				MTL_ENABLE_DEBUG_INFO = INCLUDE_SOURCE;
				MTL_FAST_MATH = YES;
				ONLY_ACTIVE_ARCH = YES;
				SDKROOT = iphoneos;
				SWIFT_ACTIVE_COMPILATION_CONDITIONS = DEBUG;
				SWIFT_OPTIMIZATION_LEVEL = "-Onone";
			};
			name = Debug;
		};
		C098D8FE2AAC4579003D664A /* Release */ = {
			isa = XCBuildConfiguration;
			buildSettings = {
				ALWAYS_SEARCH_USER_PATHS = NO;
				CLANG_ANALYZER_NONNULL = YES;
				CLANG_ANALYZER_NUMBER_OBJECT_CONVERSION = YES_AGGRESSIVE;
				CLANG_CXX_LANGUAGE_STANDARD = "gnu++20";
				CLANG_ENABLE_MODULES = YES;
				CLANG_ENABLE_OBJC_ARC = YES;
				CLANG_ENABLE_OBJC_WEAK = YES;
				CLANG_WARN_BLOCK_CAPTURE_AUTORELEASING = YES;
				CLANG_WARN_BOOL_CONVERSION = YES;
				CLANG_WARN_COMMA = YES;
				CLANG_WARN_CONSTANT_CONVERSION = YES;
				CLANG_WARN_DEPRECATED_OBJC_IMPLEMENTATIONS = YES;
				CLANG_WARN_DIRECT_OBJC_ISA_USAGE = YES_ERROR;
				CLANG_WARN_DOCUMENTATION_COMMENTS = YES;
				CLANG_WARN_EMPTY_BODY = YES;
				CLANG_WARN_ENUM_CONVERSION = YES;
				CLANG_WARN_INFINITE_RECURSION = YES;
				CLANG_WARN_INT_CONVERSION = YES;
				CLANG_WARN_NON_LITERAL_NULL_CONVERSION = YES;
				CLANG_WARN_OBJC_IMPLICIT_RETAIN_SELF = YES;
				CLANG_WARN_OBJC_LITERAL_CONVERSION = YES;
				CLANG_WARN_OBJC_ROOT_CLASS = YES_ERROR;
				CLANG_WARN_QUOTED_INCLUDE_IN_FRAMEWORK_HEADER = YES;
				CLANG_WARN_RANGE_LOOP_ANALYSIS = YES;
				CLANG_WARN_STRICT_PROTOTYPES = YES;
				CLANG_WARN_SUSPICIOUS_MOVE = YES;
				CLANG_WARN_UNGUARDED_AVAILABILITY = YES_AGGRESSIVE;
				CLANG_WARN_UNREACHABLE_CODE = YES;
				CLANG_WARN__DUPLICATE_METHOD_MATCH = YES;
				COPY_PHASE_STRIP = NO;
				DEBUG_INFORMATION_FORMAT = "dwarf-with-dsym";
				ENABLE_NS_ASSERTIONS = NO;
				ENABLE_STRICT_OBJC_MSGSEND = YES;
				GCC_C_LANGUAGE_STANDARD = gnu11;
				GCC_NO_COMMON_BLOCKS = YES;
				GCC_WARN_64_TO_32_BIT_CONVERSION = YES;
				GCC_WARN_ABOUT_RETURN_TYPE = YES_ERROR;
				GCC_WARN_UNDECLARED_SELECTOR = YES;
				GCC_WARN_UNINITIALIZED_AUTOS = YES_AGGRESSIVE;
				GCC_WARN_UNUSED_FUNCTION = YES;
				GCC_WARN_UNUSED_VARIABLE = YES;
				IPHONEOS_DEPLOYMENT_TARGET = 16.4;
				MTL_ENABLE_DEBUG_INFO = NO;
				MTL_FAST_MATH = YES;
				SDKROOT = iphoneos;
				SWIFT_COMPILATION_MODE = wholemodule;
				SWIFT_OPTIMIZATION_LEVEL = "-O";
				VALIDATE_PRODUCT = YES;
			};
			name = Release;
		};
		C098D9002AAC4579003D664A /* Debug */ = {
			isa = XCBuildConfiguration;
			buildSettings = {
				ASSETCATALOG_COMPILER_APPICON_NAME = AppIcon;
				ASSETCATALOG_COMPILER_GLOBAL_ACCENT_COLOR_NAME = AccentColor;
				CODE_SIGN_STYLE = Automatic;
				CURRENT_PROJECT_VERSION = 1;
				DEVELOPMENT_TEAM = 7CQAR4CYZX;
				GENERATE_INFOPLIST_FILE = YES;
				INFOPLIST_FILE = PracticeMVC/Info.plist;
				INFOPLIST_KEY_UIApplicationSupportsIndirectInputEvents = YES;
				INFOPLIST_KEY_UILaunchStoryboardName = LaunchScreen;
				INFOPLIST_KEY_UIMainStoryboardFile = Main;
				INFOPLIST_KEY_UISupportedInterfaceOrientations_iPad = "UIInterfaceOrientationPortrait UIInterfaceOrientationPortraitUpsideDown UIInterfaceOrientationLandscapeLeft UIInterfaceOrientationLandscapeRight";
				INFOPLIST_KEY_UISupportedInterfaceOrientations_iPhone = "UIInterfaceOrientationPortrait UIInterfaceOrientationLandscapeLeft UIInterfaceOrientationLandscapeRight";
				LD_RUNPATH_SEARCH_PATHS = (
					"$(inherited)",
					"@executable_path/Frameworks",
				);
				MARKETING_VERSION = 1.0;
				PRODUCT_BUNDLE_IDENTIFIER = com.SungMinCho.PracticeMVC;
				PRODUCT_NAME = "$(TARGET_NAME)";
				SWIFT_EMIT_LOC_STRINGS = YES;
				SWIFT_VERSION = 5.0;
				TARGETED_DEVICE_FAMILY = "1,2";
			};
			name = Debug;
		};
		C098D9012AAC4579003D664A /* Release */ = {
			isa = XCBuildConfiguration;
			buildSettings = {
				ASSETCATALOG_COMPILER_APPICON_NAME = AppIcon;
				ASSETCATALOG_COMPILER_GLOBAL_ACCENT_COLOR_NAME = AccentColor;
				CODE_SIGN_STYLE = Automatic;
				CURRENT_PROJECT_VERSION = 1;
				DEVELOPMENT_TEAM = 7CQAR4CYZX;
				GENERATE_INFOPLIST_FILE = YES;
				INFOPLIST_FILE = PracticeMVC/Info.plist;
				INFOPLIST_KEY_UIApplicationSupportsIndirectInputEvents = YES;
				INFOPLIST_KEY_UILaunchStoryboardName = LaunchScreen;
				INFOPLIST_KEY_UIMainStoryboardFile = Main;
				INFOPLIST_KEY_UISupportedInterfaceOrientations_iPad = "UIInterfaceOrientationPortrait UIInterfaceOrientationPortraitUpsideDown UIInterfaceOrientationLandscapeLeft UIInterfaceOrientationLandscapeRight";
				INFOPLIST_KEY_UISupportedInterfaceOrientations_iPhone = "UIInterfaceOrientationPortrait UIInterfaceOrientationLandscapeLeft UIInterfaceOrientationLandscapeRight";
				LD_RUNPATH_SEARCH_PATHS = (
					"$(inherited)",
					"@executable_path/Frameworks",
				);
				MARKETING_VERSION = 1.0;
				PRODUCT_BUNDLE_IDENTIFIER = com.SungMinCho.PracticeMVC;
				PRODUCT_NAME = "$(TARGET_NAME)";
				SWIFT_EMIT_LOC_STRINGS = YES;
				SWIFT_VERSION = 5.0;
				TARGETED_DEVICE_FAMILY = "1,2";
			};
			name = Release;
		};
/* End XCBuildConfiguration section */

/* Begin XCConfigurationList section */
		C098D8E62AAC4578003D664A /* Build configuration list for PBXProject "PracticeMVC" */ = {
			isa = XCConfigurationList;
			buildConfigurations = (
				C098D8FD2AAC4579003D664A /* Debug */,
				C098D8FE2AAC4579003D664A /* Release */,
			);
			defaultConfigurationIsVisible = 0;
			defaultConfigurationName = Release;
		};
		C098D8FF2AAC4579003D664A /* Build configuration list for PBXNativeTarget "PracticeMVC" */ = {
			isa = XCConfigurationList;
			buildConfigurations = (
				C098D9002AAC4579003D664A /* Debug */,
				C098D9012AAC4579003D664A /* Release */,
			);
			defaultConfigurationIsVisible = 0;
			defaultConfigurationName = Release;
		};
/* End XCConfigurationList section */
	};
	rootObject = C098D8E32AAC4578003D664A /* Project object */;
}
